// !$*UTF8*$!
{
	archiveVersion = 1;
	classes = {
	};
	objectVersion = 46;
	objects = {

/* Begin PBXBuildFile section */
		7B0F49B41E70901700C6C999 /* RequisitionDetailViewController.m in Sources */ = {isa = PBXBuildFile; fileRef = 7B0F49B21E70901700C6C999 /* RequisitionDetailViewController.m */; };
		7B0F49B51E70901700C6C999 /* RequisitionDetailView_style_1.xib in Resources */ = {isa = PBXBuildFile; fileRef = 7B0F49B31E70901700C6C999 /* RequisitionDetailView_style_1.xib */; };
		7B0F49B91E70977600C6C999 /* RequisitionDetailCell.m in Sources */ = {isa = PBXBuildFile; fileRef = 7B0F49B71E70977600C6C999 /* RequisitionDetailCell.m */; };
		7B0F49BA1E70977600C6C999 /* RequisitionDetailCellView_style_1.xib in Resources */ = {isa = PBXBuildFile; fileRef = 7B0F49B81E70977600C6C999 /* RequisitionDetailCellView_style_1.xib */; };
		7B0F49BE1E70A8A600C6C999 /* SupplierViewController.m in Sources */ = {isa = PBXBuildFile; fileRef = 7B0F49BC1E70A8A600C6C999 /* SupplierViewController.m */; };
		7B0F49BF1E70A8A600C6C999 /* SupplierView_style_1.xib in Resources */ = {isa = PBXBuildFile; fileRef = 7B0F49BD1E70A8A600C6C999 /* SupplierView_style_1.xib */; };
		7B3323B51E7036BB00BB47BB /* RequisitionTableViewController.m in Sources */ = {isa = PBXBuildFile; fileRef = 7B3323B41E7036BB00BB47BB /* RequisitionTableViewController.m */; };
		7B5B9F1B1E71DFE200D1B7B7 /* SupplierCell.m in Sources */ = {isa = PBXBuildFile; fileRef = 7B5B9F1A1E71DFE200D1B7B7 /* SupplierCell.m */; };
		7B5B9F1D1E71DFF300D1B7B7 /* SupplierViewCell_style_1.xib in Resources */ = {isa = PBXBuildFile; fileRef = 7B5B9F1C1E71DFF300D1B7B7 /* SupplierViewCell_style_1.xib */; };
		7B5B9F211E71E94800D1B7B7 /* ProductDetialViewController.m in Sources */ = {isa = PBXBuildFile; fileRef = 7B5B9F1F1E71E94800D1B7B7 /* ProductDetialViewController.m */; };
		7B5B9F221E71E94800D1B7B7 /* ProductDetialView_style_1.xib in Resources */ = {isa = PBXBuildFile; fileRef = 7B5B9F201E71E94800D1B7B7 /* ProductDetialView_style_1.xib */; };
		7B5B9F261E71EAB800D1B7B7 /* ProductCell.m in Sources */ = {isa = PBXBuildFile; fileRef = 7B5B9F241E71EAB800D1B7B7 /* ProductCell.m */; };
		7B5B9F271E71EAB800D1B7B7 /* ProductCellView_style_1.xib in Resources */ = {isa = PBXBuildFile; fileRef = 7B5B9F251E71EAB800D1B7B7 /* ProductCellView_style_1.xib */; };
		A4325C851E6E4C1D005AF214 /* QuartzCore.framework in Frameworks */ = {isa = PBXBuildFile; fileRef = A4325C841E6E4C1D005AF214 /* QuartzCore.framework */; };
		A4325C861E6E4F83005AF214 /* LoginAdminViewController.m in Sources */ = {isa = PBXBuildFile; fileRef = A4E481F81E6E46DA00D21E34 /* LoginAdminViewController.m */; };
		A4325C871E6E4F87005AF214 /* LoginAdminView_style_1.xib in Resources */ = {isa = PBXBuildFile; fileRef = A4E481FB1E6E4ABD00D21E34 /* LoginAdminView_style_1.xib */; };
		A46DC3B21E74859900A62AE4 /* RequisitionApproveViewController.m in Sources */ = {isa = PBXBuildFile; fileRef = A46DC3B01E74859900A62AE4 /* RequisitionApproveViewController.m */; };
		A46DC3B31E74859900A62AE4 /* RequisitionApproveView_style_1.xib in Resources */ = {isa = PBXBuildFile; fileRef = A46DC3B11E74859900A62AE4 /* RequisitionApproveView_style_1.xib */; };
		A46DC3B91E74ED0900A62AE4 /* RequisitionDeclineViewController.m in Sources */ = {isa = PBXBuildFile; fileRef = A46DC3B71E74ED0900A62AE4 /* RequisitionDeclineViewController.m */; };
		A46DC3BA1E74ED0900A62AE4 /* RequisitionDeclineView_style_1.xib in Resources */ = {isa = PBXBuildFile; fileRef = A46DC3B81E74ED0900A62AE4 /* RequisitionDeclineView_style_1.xib */; };
		A4B7CDDC1E71442700EC849D /* libsybdb.a in Frameworks */ = {isa = PBXBuildFile; fileRef = A4B7CDDB1E71442700EC849D /* libsybdb.a */; };
		A4BA27391E7CAB9700FEC70A /* Reachability.m in Sources */ = {isa = PBXBuildFile; fileRef = A4BA27381E7CAB9700FEC70A /* Reachability.m */; };
		A4D785031E7B5ABA0032873D /* ProductMoreDetailViewController.m in Sources */ = {isa = PBXBuildFile; fileRef = A4D785021E7B5ABA0032873D /* ProductMoreDetailViewController.m */; };
		A4D785051E7B72000032873D /* ProductMoreDetailView_style_1.xib in Resources */ = {isa = PBXBuildFile; fileRef = A4D785041E7B72000032873D /* ProductMoreDetailView_style_1.xib */; };
		A4D785081E7B729C0032873D /* ProductMoreDetailCell.m in Sources */ = {isa = PBXBuildFile; fileRef = A4D785071E7B729C0032873D /* ProductMoreDetailCell.m */; };
		A4D7850A1E7B72AF0032873D /* ProductMoreDetailCell_style_1.xib in Resources */ = {isa = PBXBuildFile; fileRef = A4D785091E7B72AF0032873D /* ProductMoreDetailCell_style_1.xib */; };
		A4D7850D1E7B83690032873D /* RequisitionAdminTableViewController.m in Sources */ = {isa = PBXBuildFile; fileRef = A4D7850C1E7B83690032873D /* RequisitionAdminTableViewController.m */; };
		A4D7850F1E7B846F0032873D /* RequisitionAdminListView_style_1.xib in Resources */ = {isa = PBXBuildFile; fileRef = A4D7850E1E7B846F0032873D /* RequisitionAdminListView_style_1.xib */; };
		A4E4819E1E6E27EF00D21E34 /* main.m in Sources */ = {isa = PBXBuildFile; fileRef = A4E4819D1E6E27EF00D21E34 /* main.m */; };
		A4E481A11E6E27EF00D21E34 /* AppDelegate.m in Sources */ = {isa = PBXBuildFile; fileRef = A4E481A01E6E27EF00D21E34 /* AppDelegate.m */; };
		A4E481A91E6E27EF00D21E34 /* Assets.xcassets in Resources */ = {isa = PBXBuildFile; fileRef = A4E481A81E6E27EF00D21E34 /* Assets.xcassets */; };
		A4E481B71E6E27F000D21E34 /* DrillcoTests.m in Sources */ = {isa = PBXBuildFile; fileRef = A4E481B61E6E27F000D21E34 /* DrillcoTests.m */; };
		A4E481C21E6E27F000D21E34 /* DrillcoUITests.m in Sources */ = {isa = PBXBuildFile; fileRef = A4E481C11E6E27F000D21E34 /* DrillcoUITests.m */; };
		A4E481D11E6E286D00D21E34 /* CoreGraphics.framework in Frameworks */ = {isa = PBXBuildFile; fileRef = A4E481D01E6E286D00D21E34 /* CoreGraphics.framework */; };
		A4E481D31E6E287200D21E34 /* UIKit.framework in Frameworks */ = {isa = PBXBuildFile; fileRef = A4E481D21E6E287200D21E34 /* UIKit.framework */; };
		A4E481D51E6E287F00D21E34 /* Foundation.framework in Frameworks */ = {isa = PBXBuildFile; fileRef = A4E481D41E6E287F00D21E34 /* Foundation.framework */; };
		A4E481E91E6E28CE00D21E34 /* SQLClient.m in Sources */ = {isa = PBXBuildFile; fileRef = A4E481E11E6E28CE00D21E34 /* SQLClient.m */; };
		A4E481EB1E6E294500D21E34 /* libiconv.tbd in Frameworks */ = {isa = PBXBuildFile; fileRef = A4E481EA1E6E294500D21E34 /* libiconv.tbd */; };
		A4E481F21E6E29B400D21E34 /* LoginViewController.m in Sources */ = {isa = PBXBuildFile; fileRef = A4E481F11E6E29B400D21E34 /* LoginViewController.m */; };
		A4E481F41E6E2A8A00D21E34 /* LoginView_style_1.xib in Resources */ = {isa = PBXBuildFile; fileRef = A4E481F31E6E2A8A00D21E34 /* LoginView_style_1.xib */; };
		A4F8BDE81E6F7E92009A80ED /* RequisitionListView_style_1.xib in Resources */ = {isa = PBXBuildFile; fileRef = A4F8BDE71E6F7E92009A80ED /* RequisitionListView_style_1.xib */; };
		A4F8BDEF1E6F80B3009A80ED /* RequisitionCell.m in Sources */ = {isa = PBXBuildFile; fileRef = A4F8BDED1E6F80B3009A80ED /* RequisitionCell.m */; };
		A4F8BDF01E6F80B3009A80ED /* RequisitionCellView_style_1.xib in Resources */ = {isa = PBXBuildFile; fileRef = A4F8BDEE1E6F80B3009A80ED /* RequisitionCellView_style_1.xib */; };
/* End PBXBuildFile section */

/* Begin PBXContainerItemProxy section */
		A4E481B31E6E27F000D21E34 /* PBXContainerItemProxy */ = {
			isa = PBXContainerItemProxy;
			containerPortal = A4E481911E6E27EF00D21E34 /* Project object */;
			proxyType = 1;
			remoteGlobalIDString = A4E481981E6E27EF00D21E34;
			remoteInfo = Drillco;
		};
		A4E481BE1E6E27F000D21E34 /* PBXContainerItemProxy */ = {
			isa = PBXContainerItemProxy;
			containerPortal = A4E481911E6E27EF00D21E34 /* Project object */;
			proxyType = 1;
			remoteGlobalIDString = A4E481981E6E27EF00D21E34;
			remoteInfo = Drillco;
		};
/* End PBXContainerItemProxy section */

/* Begin PBXFileReference section */
		7B0F49B11E70901700C6C999 /* RequisitionDetailViewController.h */ = {isa = PBXFileReference; fileEncoding = 4; lastKnownFileType = sourcecode.c.h; path = RequisitionDetailViewController.h; sourceTree = "<group>"; };
		7B0F49B21E70901700C6C999 /* RequisitionDetailViewController.m */ = {isa = PBXFileReference; fileEncoding = 4; lastKnownFileType = sourcecode.c.objc; path = RequisitionDetailViewController.m; sourceTree = "<group>"; };
		7B0F49B31E70901700C6C999 /* RequisitionDetailView_style_1.xib */ = {isa = PBXFileReference; fileEncoding = 4; lastKnownFileType = file.xib; path = RequisitionDetailView_style_1.xib; sourceTree = "<group>"; };
		7B0F49B61E70977600C6C999 /* RequisitionDetailCell.h */ = {isa = PBXFileReference; fileEncoding = 4; lastKnownFileType = sourcecode.c.h; path = RequisitionDetailCell.h; sourceTree = "<group>"; };
		7B0F49B71E70977600C6C999 /* RequisitionDetailCell.m */ = {isa = PBXFileReference; fileEncoding = 4; lastKnownFileType = sourcecode.c.objc; path = RequisitionDetailCell.m; sourceTree = "<group>"; };
		7B0F49B81E70977600C6C999 /* RequisitionDetailCellView_style_1.xib */ = {isa = PBXFileReference; fileEncoding = 4; lastKnownFileType = file.xib; path = RequisitionDetailCellView_style_1.xib; sourceTree = "<group>"; };
		7B0F49BB1E70A8A600C6C999 /* SupplierViewController.h */ = {isa = PBXFileReference; fileEncoding = 4; lastKnownFileType = sourcecode.c.h; path = SupplierViewController.h; sourceTree = "<group>"; };
		7B0F49BC1E70A8A600C6C999 /* SupplierViewController.m */ = {isa = PBXFileReference; fileEncoding = 4; lastKnownFileType = sourcecode.c.objc; path = SupplierViewController.m; sourceTree = "<group>"; };
		7B0F49BD1E70A8A600C6C999 /* SupplierView_style_1.xib */ = {isa = PBXFileReference; fileEncoding = 4; lastKnownFileType = file.xib; path = SupplierView_style_1.xib; sourceTree = "<group>"; };
		7B3323B31E7036BB00BB47BB /* RequisitionTableViewController.h */ = {isa = PBXFileReference; fileEncoding = 4; lastKnownFileType = sourcecode.c.h; path = RequisitionTableViewController.h; sourceTree = "<group>"; };
		7B3323B41E7036BB00BB47BB /* RequisitionTableViewController.m */ = {isa = PBXFileReference; fileEncoding = 4; lastKnownFileType = sourcecode.c.objc; path = RequisitionTableViewController.m; sourceTree = "<group>"; };
		7B5B9F191E71DFE200D1B7B7 /* SupplierCell.h */ = {isa = PBXFileReference; fileEncoding = 4; lastKnownFileType = sourcecode.c.h; path = SupplierCell.h; sourceTree = "<group>"; };
		7B5B9F1A1E71DFE200D1B7B7 /* SupplierCell.m */ = {isa = PBXFileReference; fileEncoding = 4; lastKnownFileType = sourcecode.c.objc; path = SupplierCell.m; sourceTree = "<group>"; };
		7B5B9F1C1E71DFF300D1B7B7 /* SupplierViewCell_style_1.xib */ = {isa = PBXFileReference; fileEncoding = 4; lastKnownFileType = file.xib; path = SupplierViewCell_style_1.xib; sourceTree = "<group>"; };
		7B5B9F1E1E71E94800D1B7B7 /* ProductDetialViewController.h */ = {isa = PBXFileReference; fileEncoding = 4; lastKnownFileType = sourcecode.c.h; path = ProductDetialViewController.h; sourceTree = "<group>"; };
		7B5B9F1F1E71E94800D1B7B7 /* ProductDetialViewController.m */ = {isa = PBXFileReference; fileEncoding = 4; lastKnownFileType = sourcecode.c.objc; path = ProductDetialViewController.m; sourceTree = "<group>"; };
		7B5B9F201E71E94800D1B7B7 /* ProductDetialView_style_1.xib */ = {isa = PBXFileReference; fileEncoding = 4; lastKnownFileType = file.xib; path = ProductDetialView_style_1.xib; sourceTree = "<group>"; };
		7B5B9F231E71EAB800D1B7B7 /* ProductCell.h */ = {isa = PBXFileReference; fileEncoding = 4; lastKnownFileType = sourcecode.c.h; path = ProductCell.h; sourceTree = "<group>"; };
		7B5B9F241E71EAB800D1B7B7 /* ProductCell.m */ = {isa = PBXFileReference; fileEncoding = 4; lastKnownFileType = sourcecode.c.objc; path = ProductCell.m; sourceTree = "<group>"; };
		7B5B9F251E71EAB800D1B7B7 /* ProductCellView_style_1.xib */ = {isa = PBXFileReference; fileEncoding = 4; lastKnownFileType = file.xib; path = ProductCellView_style_1.xib; sourceTree = "<group>"; };
		A4325C841E6E4C1D005AF214 /* QuartzCore.framework */ = {isa = PBXFileReference; lastKnownFileType = wrapper.framework; name = QuartzCore.framework; path = System/Library/Frameworks/QuartzCore.framework; sourceTree = SDKROOT; };
		A46DC3AF1E74859900A62AE4 /* RequisitionApproveViewController.h */ = {isa = PBXFileReference; fileEncoding = 4; lastKnownFileType = sourcecode.c.h; path = RequisitionApproveViewController.h; sourceTree = "<group>"; };
		A46DC3B01E74859900A62AE4 /* RequisitionApproveViewController.m */ = {isa = PBXFileReference; fileEncoding = 4; lastKnownFileType = sourcecode.c.objc; path = RequisitionApproveViewController.m; sourceTree = "<group>"; };
		A46DC3B11E74859900A62AE4 /* RequisitionApproveView_style_1.xib */ = {isa = PBXFileReference; fileEncoding = 4; lastKnownFileType = file.xib; path = RequisitionApproveView_style_1.xib; sourceTree = "<group>"; };
		A46DC3B61E74ED0900A62AE4 /* RequisitionDeclineViewController.h */ = {isa = PBXFileReference; fileEncoding = 4; lastKnownFileType = sourcecode.c.h; path = RequisitionDeclineViewController.h; sourceTree = "<group>"; };
		A46DC3B71E74ED0900A62AE4 /* RequisitionDeclineViewController.m */ = {isa = PBXFileReference; fileEncoding = 4; lastKnownFileType = sourcecode.c.objc; path = RequisitionDeclineViewController.m; sourceTree = "<group>"; };
		A46DC3B81E74ED0900A62AE4 /* RequisitionDeclineView_style_1.xib */ = {isa = PBXFileReference; fileEncoding = 4; lastKnownFileType = file.xib; path = RequisitionDeclineView_style_1.xib; sourceTree = "<group>"; };
		A4B7CDDB1E71442700EC849D /* libsybdb.a */ = {isa = PBXFileReference; lastKnownFileType = archive.ar; name = libsybdb.a; path = Drillco/Libs/SQLClient/libsybdb.a; sourceTree = "<group>"; };
		A4BA27371E7CAB9700FEC70A /* Reachability.h */ = {isa = PBXFileReference; fileEncoding = 4; lastKnownFileType = sourcecode.c.h; path = Reachability.h; sourceTree = "<group>"; };
		A4BA27381E7CAB9700FEC70A /* Reachability.m */ = {isa = PBXFileReference; fileEncoding = 4; lastKnownFileType = sourcecode.c.objc; path = Reachability.m; sourceTree = "<group>"; };
		A4D785011E7B5ABA0032873D /* ProductMoreDetailViewController.h */ = {isa = PBXFileReference; fileEncoding = 4; lastKnownFileType = sourcecode.c.h; path = ProductMoreDetailViewController.h; sourceTree = "<group>"; };
		A4D785021E7B5ABA0032873D /* ProductMoreDetailViewController.m */ = {isa = PBXFileReference; fileEncoding = 4; lastKnownFileType = sourcecode.c.objc; path = ProductMoreDetailViewController.m; sourceTree = "<group>"; };
		A4D785041E7B72000032873D /* ProductMoreDetailView_style_1.xib */ = {isa = PBXFileReference; fileEncoding = 4; lastKnownFileType = file.xib; path = ProductMoreDetailView_style_1.xib; sourceTree = "<group>"; };
		A4D785061E7B729C0032873D /* ProductMoreDetailCell.h */ = {isa = PBXFileReference; fileEncoding = 4; lastKnownFileType = sourcecode.c.h; path = ProductMoreDetailCell.h; sourceTree = "<group>"; };
		A4D785071E7B729C0032873D /* ProductMoreDetailCell.m */ = {isa = PBXFileReference; fileEncoding = 4; lastKnownFileType = sourcecode.c.objc; path = ProductMoreDetailCell.m; sourceTree = "<group>"; };
		A4D785091E7B72AF0032873D /* ProductMoreDetailCell_style_1.xib */ = {isa = PBXFileReference; fileEncoding = 4; lastKnownFileType = file.xib; path = ProductMoreDetailCell_style_1.xib; sourceTree = "<group>"; };
		A4D7850B1E7B83690032873D /* RequisitionAdminTableViewController.h */ = {isa = PBXFileReference; fileEncoding = 4; lastKnownFileType = sourcecode.c.h; path = RequisitionAdminTableViewController.h; sourceTree = "<group>"; };
		A4D7850C1E7B83690032873D /* RequisitionAdminTableViewController.m */ = {isa = PBXFileReference; fileEncoding = 4; lastKnownFileType = sourcecode.c.objc; path = RequisitionAdminTableViewController.m; sourceTree = "<group>"; };
		A4D7850E1E7B846F0032873D /* RequisitionAdminListView_style_1.xib */ = {isa = PBXFileReference; fileEncoding = 4; lastKnownFileType = file.xib; path = RequisitionAdminListView_style_1.xib; sourceTree = "<group>"; };
		A4E481991E6E27EF00D21E34 /* Drillco.app */ = {isa = PBXFileReference; explicitFileType = wrapper.application; includeInIndex = 0; path = Drillco.app; sourceTree = BUILT_PRODUCTS_DIR; };
		A4E4819D1E6E27EF00D21E34 /* main.m */ = {isa = PBXFileReference; lastKnownFileType = sourcecode.c.objc; path = main.m; sourceTree = "<group>"; };
		A4E4819F1E6E27EF00D21E34 /* AppDelegate.h */ = {isa = PBXFileReference; lastKnownFileType = sourcecode.c.h; path = AppDelegate.h; sourceTree = "<group>"; };
		A4E481A01E6E27EF00D21E34 /* AppDelegate.m */ = {isa = PBXFileReference; lastKnownFileType = sourcecode.c.objc; path = AppDelegate.m; sourceTree = "<group>"; };
		A4E481A81E6E27EF00D21E34 /* Assets.xcassets */ = {isa = PBXFileReference; lastKnownFileType = folder.assetcatalog; path = Assets.xcassets; sourceTree = "<group>"; };
		A4E481AD1E6E27F000D21E34 /* Info.plist */ = {isa = PBXFileReference; lastKnownFileType = text.plist.xml; path = Info.plist; sourceTree = "<group>"; };
		A4E481B21E6E27F000D21E34 /* DrillcoTests.xctest */ = {isa = PBXFileReference; explicitFileType = wrapper.cfbundle; includeInIndex = 0; path = DrillcoTests.xctest; sourceTree = BUILT_PRODUCTS_DIR; };
		A4E481B61E6E27F000D21E34 /* DrillcoTests.m */ = {isa = PBXFileReference; lastKnownFileType = sourcecode.c.objc; path = DrillcoTests.m; sourceTree = "<group>"; };
		A4E481B81E6E27F000D21E34 /* Info.plist */ = {isa = PBXFileReference; lastKnownFileType = text.plist.xml; path = Info.plist; sourceTree = "<group>"; };
		A4E481BD1E6E27F000D21E34 /* DrillcoUITests.xctest */ = {isa = PBXFileReference; explicitFileType = wrapper.cfbundle; includeInIndex = 0; path = DrillcoUITests.xctest; sourceTree = BUILT_PRODUCTS_DIR; };
		A4E481C11E6E27F000D21E34 /* DrillcoUITests.m */ = {isa = PBXFileReference; lastKnownFileType = sourcecode.c.objc; path = DrillcoUITests.m; sourceTree = "<group>"; };
		A4E481C31E6E27F000D21E34 /* Info.plist */ = {isa = PBXFileReference; lastKnownFileType = text.plist.xml; path = Info.plist; sourceTree = "<group>"; };
		A4E481D01E6E286D00D21E34 /* CoreGraphics.framework */ = {isa = PBXFileReference; lastKnownFileType = wrapper.framework; name = CoreGraphics.framework; path = System/Library/Frameworks/CoreGraphics.framework; sourceTree = SDKROOT; };
		A4E481D21E6E287200D21E34 /* UIKit.framework */ = {isa = PBXFileReference; lastKnownFileType = wrapper.framework; name = UIKit.framework; path = System/Library/Frameworks/UIKit.framework; sourceTree = SDKROOT; };
		A4E481D41E6E287F00D21E34 /* Foundation.framework */ = {isa = PBXFileReference; lastKnownFileType = wrapper.framework; name = Foundation.framework; path = System/Library/Frameworks/Foundation.framework; sourceTree = SDKROOT; };
		A4E481DA1E6E28CE00D21E34 /* bkpublic.h */ = {isa = PBXFileReference; fileEncoding = 4; lastKnownFileType = sourcecode.c.h; path = bkpublic.h; sourceTree = "<group>"; };
		A4E481DB1E6E28CE00D21E34 /* cspublic.h */ = {isa = PBXFileReference; fileEncoding = 4; lastKnownFileType = sourcecode.c.h; path = cspublic.h; sourceTree = "<group>"; };
		A4E481DC1E6E28CE00D21E34 /* cstypes.h */ = {isa = PBXFileReference; fileEncoding = 4; lastKnownFileType = sourcecode.c.h; path = cstypes.h; sourceTree = "<group>"; };
		A4E481DD1E6E28CE00D21E34 /* ctpublic.h */ = {isa = PBXFileReference; fileEncoding = 4; lastKnownFileType = sourcecode.c.h; path = ctpublic.h; sourceTree = "<group>"; };
		A4E481DE1E6E28CE00D21E34 /* libfreetds.a */ = {isa = PBXFileReference; lastKnownFileType = archive.ar; path = libfreetds.a; sourceTree = "<group>"; };
		A4E481DF1E6E28CE00D21E34 /* odbcss.h */ = {isa = PBXFileReference; fileEncoding = 4; lastKnownFileType = sourcecode.c.h; path = odbcss.h; sourceTree = "<group>"; };
		A4E481E01E6E28CE00D21E34 /* SQLClient.h */ = {isa = PBXFileReference; fileEncoding = 4; lastKnownFileType = sourcecode.c.h; path = SQLClient.h; sourceTree = "<group>"; };
		A4E481E11E6E28CE00D21E34 /* SQLClient.m */ = {isa = PBXFileReference; fileEncoding = 4; lastKnownFileType = sourcecode.c.objc; path = SQLClient.m; sourceTree = "<group>"; };
		A4E481E21E6E28CE00D21E34 /* sqldb.h */ = {isa = PBXFileReference; fileEncoding = 4; lastKnownFileType = sourcecode.c.h; path = sqldb.h; sourceTree = "<group>"; };
		A4E481E31E6E28CE00D21E34 /* sqlfront.h */ = {isa = PBXFileReference; fileEncoding = 4; lastKnownFileType = sourcecode.c.h; path = sqlfront.h; sourceTree = "<group>"; };
		A4E481E41E6E28CE00D21E34 /* sybdb.h */ = {isa = PBXFileReference; fileEncoding = 4; lastKnownFileType = sourcecode.c.h; path = sybdb.h; sourceTree = "<group>"; };
		A4E481E51E6E28CE00D21E34 /* syberror.h */ = {isa = PBXFileReference; fileEncoding = 4; lastKnownFileType = sourcecode.c.h; path = syberror.h; sourceTree = "<group>"; };
		A4E481E61E6E28CE00D21E34 /* sybfront.h */ = {isa = PBXFileReference; fileEncoding = 4; lastKnownFileType = sourcecode.c.h; path = sybfront.h; sourceTree = "<group>"; };
		A4E481E71E6E28CE00D21E34 /* tds_sysdep_public.h */ = {isa = PBXFileReference; fileEncoding = 4; lastKnownFileType = sourcecode.c.h; path = tds_sysdep_public.h; sourceTree = "<group>"; };
		A4E481EA1E6E294500D21E34 /* libiconv.tbd */ = {isa = PBXFileReference; lastKnownFileType = "sourcecode.text-based-dylib-definition"; name = libiconv.tbd; path = usr/lib/libiconv.tbd; sourceTree = SDKROOT; };
		A4E481F01E6E29B400D21E34 /* LoginViewController.h */ = {isa = PBXFileReference; fileEncoding = 4; lastKnownFileType = sourcecode.c.h; path = LoginViewController.h; sourceTree = "<group>"; };
		A4E481F11E6E29B400D21E34 /* LoginViewController.m */ = {isa = PBXFileReference; fileEncoding = 4; lastKnownFileType = sourcecode.c.objc; path = LoginViewController.m; sourceTree = "<group>"; };
		A4E481F31E6E2A8A00D21E34 /* LoginView_style_1.xib */ = {isa = PBXFileReference; fileEncoding = 4; lastKnownFileType = file.xib; path = LoginView_style_1.xib; sourceTree = "<group>"; };
		A4E481F71E6E46DA00D21E34 /* LoginAdminViewController.h */ = {isa = PBXFileReference; fileEncoding = 4; lastKnownFileType = sourcecode.c.h; path = LoginAdminViewController.h; sourceTree = "<group>"; };
		A4E481F81E6E46DA00D21E34 /* LoginAdminViewController.m */ = {isa = PBXFileReference; fileEncoding = 4; lastKnownFileType = sourcecode.c.objc; path = LoginAdminViewController.m; sourceTree = "<group>"; };
		A4E481FB1E6E4ABD00D21E34 /* LoginAdminView_style_1.xib */ = {isa = PBXFileReference; fileEncoding = 4; lastKnownFileType = file.xib; path = LoginAdminView_style_1.xib; sourceTree = "<group>"; };
		A4F8BDE71E6F7E92009A80ED /* RequisitionListView_style_1.xib */ = {isa = PBXFileReference; fileEncoding = 4; lastKnownFileType = file.xib; path = RequisitionListView_style_1.xib; sourceTree = "<group>"; };
		A4F8BDEC1E6F80B3009A80ED /* RequisitionCell.h */ = {isa = PBXFileReference; fileEncoding = 4; lastKnownFileType = sourcecode.c.h; path = RequisitionCell.h; sourceTree = "<group>"; };
		A4F8BDED1E6F80B3009A80ED /* RequisitionCell.m */ = {isa = PBXFileReference; fileEncoding = 4; lastKnownFileType = sourcecode.c.objc; path = RequisitionCell.m; sourceTree = "<group>"; };
		A4F8BDEE1E6F80B3009A80ED /* RequisitionCellView_style_1.xib */ = {isa = PBXFileReference; fileEncoding = 4; lastKnownFileType = file.xib; path = RequisitionCellView_style_1.xib; sourceTree = "<group>"; };
/* End PBXFileReference section */

/* Begin PBXFrameworksBuildPhase section */
		A4E481961E6E27EF00D21E34 /* Frameworks */ = {
			isa = PBXFrameworksBuildPhase;
			buildActionMask = 2147483647;
			files = (
				A4B7CDDC1E71442700EC849D /* libsybdb.a in Frameworks */,
				A4325C851E6E4C1D005AF214 /* QuartzCore.framework in Frameworks */,
				A4E481EB1E6E294500D21E34 /* libiconv.tbd in Frameworks */,
				A4E481D51E6E287F00D21E34 /* Foundation.framework in Frameworks */,
				A4E481D31E6E287200D21E34 /* UIKit.framework in Frameworks */,
				A4E481D11E6E286D00D21E34 /* CoreGraphics.framework in Frameworks */,
			);
			runOnlyForDeploymentPostprocessing = 0;
		};
		A4E481AF1E6E27F000D21E34 /* Frameworks */ = {
			isa = PBXFrameworksBuildPhase;
			buildActionMask = 2147483647;
			files = (
			);
			runOnlyForDeploymentPostprocessing = 0;
		};
		A4E481BA1E6E27F000D21E34 /* Frameworks */ = {
			isa = PBXFrameworksBuildPhase;
			buildActionMask = 2147483647;
			files = (
			);
			runOnlyForDeploymentPostprocessing = 0;
		};
/* End PBXFrameworksBuildPhase section */

/* Begin PBXGroup section */
		A4BA27361E7CAB9700FEC70A /* Reachability */ = {
			isa = PBXGroup;
			children = (
				A4BA27371E7CAB9700FEC70A /* Reachability.h */,
				A4BA27381E7CAB9700FEC70A /* Reachability.m */,
			);
			path = Reachability;
			sourceTree = "<group>";
		};
		A4E481901E6E27EF00D21E34 = {
			isa = PBXGroup;
			children = (
				A4E4819B1E6E27EF00D21E34 /* Drillco */,
				A4E481B51E6E27F000D21E34 /* DrillcoTests */,
				A4E481C01E6E27F000D21E34 /* DrillcoUITests */,
				A4E4819A1E6E27EF00D21E34 /* Products */,
				A4E481CF1E6E286D00D21E34 /* Frameworks */,
			);
			sourceTree = "<group>";
		};
		A4E4819A1E6E27EF00D21E34 /* Products */ = {
			isa = PBXGroup;
			children = (
				A4E481991E6E27EF00D21E34 /* Drillco.app */,
				A4E481B21E6E27F000D21E34 /* DrillcoTests.xctest */,
				A4E481BD1E6E27F000D21E34 /* DrillcoUITests.xctest */,
			);
			name = Products;
			sourceTree = "<group>";
		};
		A4E4819B1E6E27EF00D21E34 /* Drillco */ = {
			isa = PBXGroup;
			children = (
				A4F8BDE61E6F7E82009A80ED /* Requisitions */,
				A4E481EF1E6E29B400D21E34 /* Login */,
				A4E4819F1E6E27EF00D21E34 /* AppDelegate.h */,
				A4E481A01E6E27EF00D21E34 /* AppDelegate.m */,
				A4E481A81E6E27EF00D21E34 /* Assets.xcassets */,
				A4E481AD1E6E27F000D21E34 /* Info.plist */,
				A4E481D81E6E28CE00D21E34 /* Libs */,
				A4E4819C1E6E27EF00D21E34 /* Supporting Files */,
			);
			path = Drillco;
			sourceTree = "<group>";
		};
		A4E4819C1E6E27EF00D21E34 /* Supporting Files */ = {
			isa = PBXGroup;
			children = (
				A4E4819D1E6E27EF00D21E34 /* main.m */,
			);
			name = "Supporting Files";
			sourceTree = "<group>";
		};
		A4E481B51E6E27F000D21E34 /* DrillcoTests */ = {
			isa = PBXGroup;
			children = (
				A4E481B61E6E27F000D21E34 /* DrillcoTests.m */,
				A4E481B81E6E27F000D21E34 /* Info.plist */,
			);
			path = DrillcoTests;
			sourceTree = "<group>";
		};
		A4E481C01E6E27F000D21E34 /* DrillcoUITests */ = {
			isa = PBXGroup;
			children = (
				A4E481C11E6E27F000D21E34 /* DrillcoUITests.m */,
				A4E481C31E6E27F000D21E34 /* Info.plist */,
			);
			path = DrillcoUITests;
			sourceTree = "<group>";
		};
		A4E481CF1E6E286D00D21E34 /* Frameworks */ = {
			isa = PBXGroup;
			children = (
				A4B7CDDB1E71442700EC849D /* libsybdb.a */,
				A4325C841E6E4C1D005AF214 /* QuartzCore.framework */,
				A4E481EA1E6E294500D21E34 /* libiconv.tbd */,
				A4E481D41E6E287F00D21E34 /* Foundation.framework */,
				A4E481D21E6E287200D21E34 /* UIKit.framework */,
				A4E481D01E6E286D00D21E34 /* CoreGraphics.framework */,
			);
			name = Frameworks;
			sourceTree = "<group>";
		};
		A4E481D81E6E28CE00D21E34 /* Libs */ = {
			isa = PBXGroup;
			children = (
				A4BA27361E7CAB9700FEC70A /* Reachability */,
				A4E481D91E6E28CE00D21E34 /* SQLClient */,
			);
			path = Libs;
			sourceTree = "<group>";
		};
		A4E481D91E6E28CE00D21E34 /* SQLClient */ = {
			isa = PBXGroup;
			children = (
				A4E481DA1E6E28CE00D21E34 /* bkpublic.h */,
				A4E481DB1E6E28CE00D21E34 /* cspublic.h */,
				A4E481DC1E6E28CE00D21E34 /* cstypes.h */,
				A4E481DD1E6E28CE00D21E34 /* ctpublic.h */,
				A4E481DE1E6E28CE00D21E34 /* libfreetds.a */,
				A4E481DF1E6E28CE00D21E34 /* odbcss.h */,
				A4E481E01E6E28CE00D21E34 /* SQLClient.h */,
				A4E481E11E6E28CE00D21E34 /* SQLClient.m */,
				A4E481E21E6E28CE00D21E34 /* sqldb.h */,
				A4E481E31E6E28CE00D21E34 /* sqlfront.h */,
				A4E481E41E6E28CE00D21E34 /* sybdb.h */,
				A4E481E51E6E28CE00D21E34 /* syberror.h */,
				A4E481E61E6E28CE00D21E34 /* sybfront.h */,
				A4E481E71E6E28CE00D21E34 /* tds_sysdep_public.h */,
			);
			path = SQLClient;
			sourceTree = "<group>";
		};
		A4E481EF1E6E29B400D21E34 /* Login */ = {
			isa = PBXGroup;
			children = (
				A4E481FB1E6E4ABD00D21E34 /* LoginAdminView_style_1.xib */,
				A4E481F71E6E46DA00D21E34 /* LoginAdminViewController.h */,
				A4E481F81E6E46DA00D21E34 /* LoginAdminViewController.m */,
				A4E481F31E6E2A8A00D21E34 /* LoginView_style_1.xib */,
				A4E481F01E6E29B400D21E34 /* LoginViewController.h */,
				A4E481F11E6E29B400D21E34 /* LoginViewController.m */,
			);
			path = Login;
			sourceTree = "<group>";
		};
		A4F8BDE61E6F7E82009A80ED /* Requisitions */ = {
			isa = PBXGroup;
			children = (
				A4D7850E1E7B846F0032873D /* RequisitionAdminListView_style_1.xib */,
				A4F8BDEC1E6F80B3009A80ED /* RequisitionCell.h */,
				A4F8BDED1E6F80B3009A80ED /* RequisitionCell.m */,
				A4F8BDEE1E6F80B3009A80ED /* RequisitionCellView_style_1.xib */,
				7B0F49B61E70977600C6C999 /* RequisitionDetailCell.h */,
				7B0F49B71E70977600C6C999 /* RequisitionDetailCell.m */,
				7B0F49B81E70977600C6C999 /* RequisitionDetailCellView_style_1.xib */,
				7B0F49B31E70901700C6C999 /* RequisitionDetailView_style_1.xib */,
				7B0F49B11E70901700C6C999 /* RequisitionDetailViewController.h */,
				7B0F49B21E70901700C6C999 /* RequisitionDetailViewController.m */,
				A4F8BDE71E6F7E92009A80ED /* RequisitionListView_style_1.xib */,
				7B3323B31E7036BB00BB47BB /* RequisitionTableViewController.h */,
				7B3323B41E7036BB00BB47BB /* RequisitionTableViewController.m */,
				7B5B9F191E71DFE200D1B7B7 /* SupplierCell.h */,
				7B5B9F1A1E71DFE200D1B7B7 /* SupplierCell.m */,
				7B0F49BD1E70A8A600C6C999 /* SupplierView_style_1.xib */,
				7B5B9F1C1E71DFF300D1B7B7 /* SupplierViewCell_style_1.xib */,
				7B0F49BB1E70A8A600C6C999 /* SupplierViewController.h */,
				7B0F49BC1E70A8A600C6C999 /* SupplierViewController.m */,
				7B5B9F1E1E71E94800D1B7B7 /* ProductDetialViewController.h */,
				7B5B9F1F1E71E94800D1B7B7 /* ProductDetialViewController.m */,
				7B5B9F201E71E94800D1B7B7 /* ProductDetialView_style_1.xib */,
				7B5B9F231E71EAB800D1B7B7 /* ProductCell.h */,
				7B5B9F241E71EAB800D1B7B7 /* ProductCell.m */,
				7B5B9F251E71EAB800D1B7B7 /* ProductCellView_style_1.xib */,
				A46DC3AF1E74859900A62AE4 /* RequisitionApproveViewController.h */,
				A46DC3B01E74859900A62AE4 /* RequisitionApproveViewController.m */,
				A46DC3B11E74859900A62AE4 /* RequisitionApproveView_style_1.xib */,
				A46DC3B61E74ED0900A62AE4 /* RequisitionDeclineViewController.h */,
				A46DC3B71E74ED0900A62AE4 /* RequisitionDeclineViewController.m */,
				A46DC3B81E74ED0900A62AE4 /* RequisitionDeclineView_style_1.xib */,
				A4D785011E7B5ABA0032873D /* ProductMoreDetailViewController.h */,
				A4D785021E7B5ABA0032873D /* ProductMoreDetailViewController.m */,
				A4D785041E7B72000032873D /* ProductMoreDetailView_style_1.xib */,
				A4D785061E7B729C0032873D /* ProductMoreDetailCell.h */,
				A4D785071E7B729C0032873D /* ProductMoreDetailCell.m */,
				A4D785091E7B72AF0032873D /* ProductMoreDetailCell_style_1.xib */,
				A4D7850B1E7B83690032873D /* RequisitionAdminTableViewController.h */,
				A4D7850C1E7B83690032873D /* RequisitionAdminTableViewController.m */,
			);
			path = Requisitions;
			sourceTree = "<group>";
		};
/* End PBXGroup section */

/* Begin PBXNativeTarget section */
		A4E481981E6E27EF00D21E34 /* Drillco */ = {
			isa = PBXNativeTarget;
			buildConfigurationList = A4E481C61E6E27F000D21E34 /* Build configuration list for PBXNativeTarget "Drillco" */;
			buildPhases = (
				A4E481951E6E27EF00D21E34 /* Sources */,
				A4E481961E6E27EF00D21E34 /* Frameworks */,
				A4E481971E6E27EF00D21E34 /* Resources */,
			);
			buildRules = (
			);
			dependencies = (
			);
			name = Drillco;
			productName = Drillco;
			productReference = A4E481991E6E27EF00D21E34 /* Drillco.app */;
			productType = "com.apple.product-type.application";
		};
		A4E481B11E6E27F000D21E34 /* DrillcoTests */ = {
			isa = PBXNativeTarget;
			buildConfigurationList = A4E481C91E6E27F000D21E34 /* Build configuration list for PBXNativeTarget "DrillcoTests" */;
			buildPhases = (
				A4E481AE1E6E27F000D21E34 /* Sources */,
				A4E481AF1E6E27F000D21E34 /* Frameworks */,
				A4E481B01E6E27F000D21E34 /* Resources */,
			);
			buildRules = (
			);
			dependencies = (
				A4E481B41E6E27F000D21E34 /* PBXTargetDependency */,
			);
			name = DrillcoTests;
			productName = DrillcoTests;
			productReference = A4E481B21E6E27F000D21E34 /* DrillcoTests.xctest */;
			productType = "com.apple.product-type.bundle.unit-test";
		};
		A4E481BC1E6E27F000D21E34 /* DrillcoUITests */ = {
			isa = PBXNativeTarget;
			buildConfigurationList = A4E481CC1E6E27F000D21E34 /* Build configuration list for PBXNativeTarget "DrillcoUITests" */;
			buildPhases = (
				A4E481B91E6E27F000D21E34 /* Sources */,
				A4E481BA1E6E27F000D21E34 /* Frameworks */,
				A4E481BB1E6E27F000D21E34 /* Resources */,
			);
			buildRules = (
			);
			dependencies = (
				A4E481BF1E6E27F000D21E34 /* PBXTargetDependency */,
			);
			name = DrillcoUITests;
			productName = DrillcoUITests;
			productReference = A4E481BD1E6E27F000D21E34 /* DrillcoUITests.xctest */;
			productType = "com.apple.product-type.bundle.ui-testing";
		};
/* End PBXNativeTarget section */

/* Begin PBXProject section */
		A4E481911E6E27EF00D21E34 /* Project object */ = {
			isa = PBXProject;
			attributes = {
				LastUpgradeCheck = 0820;
				ORGANIZATIONNAME = "Rodrigo Esquivel";
				TargetAttributes = {
					A4E481981E6E27EF00D21E34 = {
						CreatedOnToolsVersion = 8.2.1;
						DevelopmentTeam = 53337WJ5R4;
						ProvisioningStyle = Manual;
					};
					A4E481B11E6E27F000D21E34 = {
						CreatedOnToolsVersion = 8.2.1;
						DevelopmentTeam = 53337WJ5R4;
						ProvisioningStyle = Automatic;
						TestTargetID = A4E481981E6E27EF00D21E34;
					};
					A4E481BC1E6E27F000D21E34 = {
						CreatedOnToolsVersion = 8.2.1;
						DevelopmentTeam = 53337WJ5R4;
						ProvisioningStyle = Automatic;
						TestTargetID = A4E481981E6E27EF00D21E34;
					};
				};
			};
			buildConfigurationList = A4E481941E6E27EF00D21E34 /* Build configuration list for PBXProject "Drillco" */;
			compatibilityVersion = "Xcode 3.2";
			developmentRegion = English;
			hasScannedForEncodings = 0;
			knownRegions = (
				en,
				Base,
			);
			mainGroup = A4E481901E6E27EF00D21E34;
			productRefGroup = A4E4819A1E6E27EF00D21E34 /* Products */;
			projectDirPath = "";
			projectRoot = "";
			targets = (
				A4E481981E6E27EF00D21E34 /* Drillco */,
				A4E481B11E6E27F000D21E34 /* DrillcoTests */,
				A4E481BC1E6E27F000D21E34 /* DrillcoUITests */,
			);
		};
/* End PBXProject section */

/* Begin PBXResourcesBuildPhase section */
		A4E481971E6E27EF00D21E34 /* Resources */ = {
			isa = PBXResourcesBuildPhase;
			buildActionMask = 2147483647;
			files = (
				A4325C871E6E4F87005AF214 /* LoginAdminView_style_1.xib in Resources */,
				A4D7850F1E7B846F0032873D /* RequisitionAdminListView_style_1.xib in Resources */,
				A4F8BDF01E6F80B3009A80ED /* RequisitionCellView_style_1.xib in Resources */,
				A4E481F41E6E2A8A00D21E34 /* LoginView_style_1.xib in Resources */,
				7B5B9F1D1E71DFF300D1B7B7 /* SupplierViewCell_style_1.xib in Resources */,
				A4E481A91E6E27EF00D21E34 /* Assets.xcassets in Resources */,
				A4D7850A1E7B72AF0032873D /* ProductMoreDetailCell_style_1.xib in Resources */,
				7B0F49B51E70901700C6C999 /* RequisitionDetailView_style_1.xib in Resources */,
				7B5B9F271E71EAB800D1B7B7 /* ProductCellView_style_1.xib in Resources */,
				7B0F49BA1E70977600C6C999 /* RequisitionDetailCellView_style_1.xib in Resources */,
				7B0F49BF1E70A8A600C6C999 /* SupplierView_style_1.xib in Resources */,
				A46DC3B31E74859900A62AE4 /* RequisitionApproveView_style_1.xib in Resources */,
				A4F8BDE81E6F7E92009A80ED /* RequisitionListView_style_1.xib in Resources */,
				A46DC3BA1E74ED0900A62AE4 /* RequisitionDeclineView_style_1.xib in Resources */,
				A4D785051E7B72000032873D /* ProductMoreDetailView_style_1.xib in Resources */,
				7B5B9F221E71E94800D1B7B7 /* ProductDetialView_style_1.xib in Resources */,
			);
			runOnlyForDeploymentPostprocessing = 0;
		};
		A4E481B01E6E27F000D21E34 /* Resources */ = {
			isa = PBXResourcesBuildPhase;
			buildActionMask = 2147483647;
			files = (
			);
			runOnlyForDeploymentPostprocessing = 0;
		};
		A4E481BB1E6E27F000D21E34 /* Resources */ = {
			isa = PBXResourcesBuildPhase;
			buildActionMask = 2147483647;
			files = (
			);
			runOnlyForDeploymentPostprocessing = 0;
		};
/* End PBXResourcesBuildPhase section */

/* Begin PBXSourcesBuildPhase section */
		A4E481951E6E27EF00D21E34 /* Sources */ = {
			isa = PBXSourcesBuildPhase;
			buildActionMask = 2147483647;
			files = (
				A4F8BDEF1E6F80B3009A80ED /* RequisitionCell.m in Sources */,
				A46DC3B21E74859900A62AE4 /* RequisitionApproveViewController.m in Sources */,
				A4325C861E6E4F83005AF214 /* LoginAdminViewController.m in Sources */,
				A4D785081E7B729C0032873D /* ProductMoreDetailCell.m in Sources */,
				A4D7850D1E7B83690032873D /* RequisitionAdminTableViewController.m in Sources */,
				A4E481F21E6E29B400D21E34 /* LoginViewController.m in Sources */,
				A4E481A11E6E27EF00D21E34 /* AppDelegate.m in Sources */,
				7B3323B51E7036BB00BB47BB /* RequisitionTableViewController.m in Sources */,
				A4D785031E7B5ABA0032873D /* ProductMoreDetailViewController.m in Sources */,
				7B5B9F261E71EAB800D1B7B7 /* ProductCell.m in Sources */,
				A4BA27391E7CAB9700FEC70A /* Reachability.m in Sources */,
				A4E4819E1E6E27EF00D21E34 /* main.m in Sources */,
				7B0F49B41E70901700C6C999 /* RequisitionDetailViewController.m in Sources */,
				7B5B9F1B1E71DFE200D1B7B7 /* SupplierCell.m in Sources */,
				A46DC3B91E74ED0900A62AE4 /* RequisitionDeclineViewController.m in Sources */,
				A4E481E91E6E28CE00D21E34 /* SQLClient.m in Sources */,
				7B0F49BE1E70A8A600C6C999 /* SupplierViewController.m in Sources */,
				7B0F49B91E70977600C6C999 /* RequisitionDetailCell.m in Sources */,
				7B5B9F211E71E94800D1B7B7 /* ProductDetialViewController.m in Sources */,
			);
			runOnlyForDeploymentPostprocessing = 0;
		};
		A4E481AE1E6E27F000D21E34 /* Sources */ = {
			isa = PBXSourcesBuildPhase;
			buildActionMask = 2147483647;
			files = (
				A4E481B71E6E27F000D21E34 /* DrillcoTests.m in Sources */,
			);
			runOnlyForDeploymentPostprocessing = 0;
		};
		A4E481B91E6E27F000D21E34 /* Sources */ = {
			isa = PBXSourcesBuildPhase;
			buildActionMask = 2147483647;
			files = (
				A4E481C21E6E27F000D21E34 /* DrillcoUITests.m in Sources */,
			);
			runOnlyForDeploymentPostprocessing = 0;
		};
/* End PBXSourcesBuildPhase section */

/* Begin PBXTargetDependency section */
		A4E481B41E6E27F000D21E34 /* PBXTargetDependency */ = {
			isa = PBXTargetDependency;
			target = A4E481981E6E27EF00D21E34 /* Drillco */;
			targetProxy = A4E481B31E6E27F000D21E34 /* PBXContainerItemProxy */;
		};
		A4E481BF1E6E27F000D21E34 /* PBXTargetDependency */ = {
			isa = PBXTargetDependency;
			target = A4E481981E6E27EF00D21E34 /* Drillco */;
			targetProxy = A4E481BE1E6E27F000D21E34 /* PBXContainerItemProxy */;
		};
/* End PBXTargetDependency section */

/* Begin XCBuildConfiguration section */
		A4E481C41E6E27F000D21E34 /* Debug */ = {
			isa = XCBuildConfiguration;
			buildSettings = {
				ALWAYS_SEARCH_USER_PATHS = NO;
				CLANG_ANALYZER_NONNULL = YES;
				CLANG_CXX_LANGUAGE_STANDARD = "gnu++0x";
				CLANG_CXX_LIBRARY = "libc++";
				CLANG_ENABLE_MODULES = YES;
				CLANG_ENABLE_OBJC_ARC = YES;
				CLANG_WARN_BOOL_CONVERSION = YES;
				CLANG_WARN_CONSTANT_CONVERSION = YES;
				CLANG_WARN_DIRECT_OBJC_ISA_USAGE = YES_ERROR;
				CLANG_WARN_DOCUMENTATION_COMMENTS = YES;
				CLANG_WARN_EMPTY_BODY = YES;
				CLANG_WARN_ENUM_CONVERSION = YES;
				CLANG_WARN_INFINITE_RECURSION = YES;
				CLANG_WARN_INT_CONVERSION = YES;
				CLANG_WARN_OBJC_ROOT_CLASS = YES_ERROR;
				CLANG_WARN_SUSPICIOUS_MOVE = YES;
				CLANG_WARN_UNREACHABLE_CODE = YES;
				CLANG_WARN__DUPLICATE_METHOD_MATCH = YES;
				"CODE_SIGN_IDENTITY[sdk=iphoneos*]" = "iPhone Developer";
				COPY_PHASE_STRIP = NO;
				DEBUG_INFORMATION_FORMAT = dwarf;
				ENABLE_STRICT_OBJC_MSGSEND = YES;
				ENABLE_TESTABILITY = YES;
				GCC_C_LANGUAGE_STANDARD = gnu99;
				GCC_DYNAMIC_NO_PIC = NO;
				GCC_NO_COMMON_BLOCKS = YES;
				GCC_OPTIMIZATION_LEVEL = 0;
				GCC_PREPROCESSOR_DEFINITIONS = (
					"DEBUG=1",
					"$(inherited)",
				);
				GCC_WARN_64_TO_32_BIT_CONVERSION = YES;
				GCC_WARN_ABOUT_RETURN_TYPE = YES_ERROR;
				GCC_WARN_UNDECLARED_SELECTOR = YES;
				GCC_WARN_UNINITIALIZED_AUTOS = YES_AGGRESSIVE;
				GCC_WARN_UNUSED_FUNCTION = YES;
				GCC_WARN_UNUSED_VARIABLE = YES;
				IPHONEOS_DEPLOYMENT_TARGET = 7.1;
				MTL_ENABLE_DEBUG_INFO = YES;
				ONLY_ACTIVE_ARCH = YES;
				OTHER_LDFLAGS = "-ObjC";
				SDKROOT = iphoneos;
			};
			name = Debug;
		};
		A4E481C51E6E27F000D21E34 /* Release */ = {
			isa = XCBuildConfiguration;
			buildSettings = {
				ALWAYS_SEARCH_USER_PATHS = NO;
				CLANG_ANALYZER_NONNULL = YES;
				CLANG_CXX_LANGUAGE_STANDARD = "gnu++0x";
				CLANG_CXX_LIBRARY = "libc++";
				CLANG_ENABLE_MODULES = YES;
				CLANG_ENABLE_OBJC_ARC = YES;
				CLANG_WARN_BOOL_CONVERSION = YES;
				CLANG_WARN_CONSTANT_CONVERSION = YES;
				CLANG_WARN_DIRECT_OBJC_ISA_USAGE = YES_ERROR;
				CLANG_WARN_DOCUMENTATION_COMMENTS = YES;
				CLANG_WARN_EMPTY_BODY = YES;
				CLANG_WARN_ENUM_CONVERSION = YES;
				CLANG_WARN_INFINITE_RECURSION = YES;
				CLANG_WARN_INT_CONVERSION = YES;
				CLANG_WARN_OBJC_ROOT_CLASS = YES_ERROR;
				CLANG_WARN_SUSPICIOUS_MOVE = YES;
				CLANG_WARN_UNREACHABLE_CODE = YES;
				CLANG_WARN__DUPLICATE_METHOD_MATCH = YES;
				"CODE_SIGN_IDENTITY[sdk=iphoneos*]" = "iPhone Developer";
				COPY_PHASE_STRIP = NO;
				DEBUG_INFORMATION_FORMAT = "dwarf-with-dsym";
				ENABLE_NS_ASSERTIONS = NO;
				ENABLE_STRICT_OBJC_MSGSEND = YES;
				GCC_C_LANGUAGE_STANDARD = gnu99;
				GCC_NO_COMMON_BLOCKS = YES;
				GCC_WARN_64_TO_32_BIT_CONVERSION = YES;
				GCC_WARN_ABOUT_RETURN_TYPE = YES_ERROR;
				GCC_WARN_UNDECLARED_SELECTOR = YES;
				GCC_WARN_UNINITIALIZED_AUTOS = YES_AGGRESSIVE;
				GCC_WARN_UNUSED_FUNCTION = YES;
				GCC_WARN_UNUSED_VARIABLE = YES;
				IPHONEOS_DEPLOYMENT_TARGET = 7.1;
				MTL_ENABLE_DEBUG_INFO = NO;
				OTHER_LDFLAGS = "-ObjC";
				SDKROOT = iphoneos;
				VALIDATE_PRODUCT = YES;
			};
			name = Release;
		};
		A4E481C71E6E27F000D21E34 /* Debug */ = {
			isa = XCBuildConfiguration;
			buildSettings = {
				ASSETCATALOG_COMPILER_APPICON_NAME = AppIcon;
				ASSETCATALOG_COMPILER_LAUNCHIMAGE_NAME = LaunchImage;
				CLANG_WARN_SUSPICIOUS_MOVE = YES;
				CODE_SIGN_IDENTITY = "iPhone Developer: rorrork@gmail.com (65KU45MAAS)";
				"CODE_SIGN_IDENTITY[sdk=iphoneos*]" = "iPhone Developer: rorrork@gmail.com (65KU45MAAS)";
				DEVELOPMENT_TEAM = 53337WJ5R4;
				ENABLE_BITCODE = NO;
				GCC_NO_COMMON_BLOCKS = YES;
				INFOPLIST_FILE = Drillco/Info.plist;
				IPHONEOS_DEPLOYMENT_TARGET = 7.1;
				LD_RUNPATH_SEARCH_PATHS = "$(inherited) @executable_path/Frameworks";
				LIBRARY_SEARCH_PATHS = (
					"$(inherited)",
					"$(PROJECT_DIR)/Drillco/Libs/SQLClient",
				);
				OTHER_LDFLAGS = "-ObjC";
				PRODUCT_BUNDLE_IDENTIFIER = com.rodev.Drillco;
				PRODUCT_NAME = "$(TARGET_NAME)";
				PROVISIONING_PROFILE = "5e1a584f-08f4-4935-8cf3-5a8042c8d792";
				PROVISIONING_PROFILE_SPECIFIER = DRILLCO_DEVELOPMENT;
				STRIP_INSTALLED_PRODUCT = YES;
			};
			name = Debug;
		};
		A4E481C81E6E27F000D21E34 /* Release */ = {
			isa = XCBuildConfiguration;
			buildSettings = {
				ASSETCATALOG_COMPILER_APPICON_NAME = AppIcon;
				ASSETCATALOG_COMPILER_LAUNCHIMAGE_NAME = LaunchImage;
				CLANG_WARN_SUSPICIOUS_MOVE = YES;
				CODE_SIGN_IDENTITY = "iPhone Developer: rorrork@gmail.com (65KU45MAAS)";
				"CODE_SIGN_IDENTITY[sdk=iphoneos*]" = "iPhone Developer: rorrork@gmail.com (65KU45MAAS)";
				DEVELOPMENT_TEAM = 53337WJ5R4;
				ENABLE_BITCODE = NO;
				GCC_NO_COMMON_BLOCKS = YES;
				INFOPLIST_FILE = Drillco/Info.plist;
				IPHONEOS_DEPLOYMENT_TARGET = 7.1;
				LD_RUNPATH_SEARCH_PATHS = "$(inherited) @executable_path/Frameworks";
				LIBRARY_SEARCH_PATHS = (
					"$(inherited)",
					"$(PROJECT_DIR)/Drillco/Libs/SQLClient",
				);
				OTHER_LDFLAGS = "-ObjC";
				PRODUCT_BUNDLE_IDENTIFIER = com.rodev.Drillco;
				PRODUCT_NAME = "$(TARGET_NAME)";
				PROVISIONING_PROFILE = "5e1a584f-08f4-4935-8cf3-5a8042c8d792";
				PROVISIONING_PROFILE_SPECIFIER = DRILLCO_DEVELOPMENT;
				STRIP_INSTALLED_PRODUCT = YES;
			};
			name = Release;
		};
		A4E481CA1E6E27F000D21E34 /* Debug */ = {
			isa = XCBuildConfiguration;
			buildSettings = {
				BUNDLE_LOADER = "$(TEST_HOST)";
				DEVELOPMENT_TEAM = 53337WJ5R4;
				INFOPLIST_FILE = DrillcoTests/Info.plist;
				LD_RUNPATH_SEARCH_PATHS = "$(inherited) @executable_path/Frameworks @loader_path/Frameworks";
				PRODUCT_BUNDLE_IDENTIFIER = com.rodev.DrillcoTests;
				PRODUCT_NAME = "$(TARGET_NAME)";
				TEST_HOST = "$(BUILT_PRODUCTS_DIR)/Drillco.app/Drillco";
			};
			name = Debug;
		};
		A4E481CB1E6E27F000D21E34 /* Release */ = {
			isa = XCBuildConfiguration;
			buildSettings = {
				BUNDLE_LOADER = "$(TEST_HOST)";
				DEVELOPMENT_TEAM = 53337WJ5R4;
				INFOPLIST_FILE = DrillcoTests/Info.plist;
				LD_RUNPATH_SEARCH_PATHS = "$(inherited) @executable_path/Frameworks @loader_path/Frameworks";
				PRODUCT_BUNDLE_IDENTIFIER = com.rodev.DrillcoTests;
				PRODUCT_NAME = "$(TARGET_NAME)";
				TEST_HOST = "$(BUILT_PRODUCTS_DIR)/Drillco.app/Drillco";
			};
			name = Release;
		};
		A4E481CD1E6E27F000D21E34 /* Debug */ = {
			isa = XCBuildConfiguration;
			buildSettings = {
				DEVELOPMENT_TEAM = 53337WJ5R4;
				INFOPLIST_FILE = DrillcoUITests/Info.plist;
				LD_RUNPATH_SEARCH_PATHS = "$(inherited) @executable_path/Frameworks @loader_path/Frameworks";
				PRODUCT_BUNDLE_IDENTIFIER = com.rodev.DrillcoUITests;
				PRODUCT_NAME = "$(TARGET_NAME)";
				TEST_TARGET_NAME = Drillco;
			};
			name = Debug;
		};
		A4E481CE1E6E27F000D21E34 /* Release */ = {
			isa = XCBuildConfiguration;
			buildSettings = {
				DEVELOPMENT_TEAM = 53337WJ5R4;
				INFOPLIST_FILE = DrillcoUITests/Info.plist;
				LD_RUNPATH_SEARCH_PATHS = "$(inherited) @executable_path/Frameworks @loader_path/Frameworks";
				PRODUCT_BUNDLE_IDENTIFIER = com.rodev.DrillcoUITests;
				PRODUCT_NAME = "$(TARGET_NAME)";
				TEST_TARGET_NAME = Drillco;
			};
			name = Release;
		};
/* End XCBuildConfiguration section */

/* Begin XCConfigurationList section */
		A4E481941E6E27EF00D21E34 /* Build configuration list for PBXProject "Drillco" */ = {
			isa = XCConfigurationList;
			buildConfigurations = (
				A4E481C41E6E27F000D21E34 /* Debug */,
				A4E481C51E6E27F000D21E34 /* Release */,
			);
			defaultConfigurationIsVisible = 0;
			defaultConfigurationName = Release;
		};
		A4E481C61E6E27F000D21E34 /* Build configuration list for PBXNativeTarget "Drillco" */ = {
			isa = XCConfigurationList;
			buildConfigurations = (
				A4E481C71E6E27F000D21E34 /* Debug */,
				A4E481C81E6E27F000D21E34 /* Release */,
			);
			defaultConfigurationIsVisible = 0;
			defaultConfigurationName = Release;
		};
		A4E481C91E6E27F000D21E34 /* Build configuration list for PBXNativeTarget "DrillcoTests" */ = {
			isa = XCConfigurationList;
			buildConfigurations = (
				A4E481CA1E6E27F000D21E34 /* Debug */,
				A4E481CB1E6E27F000D21E34 /* Release */,
			);
			defaultConfigurationIsVisible = 0;
			defaultConfigurationName = Release;
		};
		A4E481CC1E6E27F000D21E34 /* Build configuration list for PBXNativeTarget "DrillcoUITests" */ = {
			isa = XCConfigurationList;
			buildConfigurations = (
				A4E481CD1E6E27F000D21E34 /* Debug */,
				A4E481CE1E6E27F000D21E34 /* Release */,
			);
			defaultConfigurationIsVisible = 0;
			defaultConfigurationName = Release;
		};
/* End XCConfigurationList section */
	};
	rootObject = A4E481911E6E27EF00D21E34 /* Project object */;
}
